{
  "version": 4,
  "terraform_version": "0.14.5",
  "serial": 67,
  "lineage": "3a1b5ced-2deb-3a1a-9d41-2d645d75c1f2",
  "outputs": {
    "aws_instance_ip_addr": {
      "value": "13.59.58.14",
      "type": "string"
    },
    "gcp_vm_external_ip": {
      "value": "35.229.38.176",
      "type": "string"
    }
  },
  "resources": [
    {
      "module": "module.ec2",
      "mode": "managed",
      "type": "aws_default_subnet",
      "name": "default",
      "provider": "provider[\"registry.terraform.io/hashicorp/aws\"].aws",
      "instances": [
        {
          "schema_version": 1,
          "attributes": {
            "arn": "arn:aws:ec2:us-east-2:600417590558:subnet/subnet-33fee75b",
            "assign_ipv6_address_on_creation": false,
            "availability_zone": "us-east-2a",
            "availability_zone_id": "use2-az1",
            "cidr_block": "172.31.0.0/20",
            "customer_owned_ipv4_pool": "",
            "id": "subnet-33fee75b",
            "ipv6_cidr_block": "",
            "ipv6_cidr_block_association_id": "",
            "map_customer_owned_ip_on_launch": false,
            "map_public_ip_on_launch": true,
            "outpost_arn": "",
            "owner_id": "600417590558",
            "tags": {
              "Name": "Default subnet for us-west-2a"
            },
            "tags_all": {
              "Name": "Default subnet for us-west-2a"
            },
            "timeouts": null,
            "vpc_id": "vpc-55cd3c3e"
          },
          "sensitive_attributes": [],
          "private": "eyJlMmJmYjczMC1lY2FhLTExZTYtOGY4OC0zNDM2M2JjN2M0YzAiOnsiY3JlYXRlIjo2MDAwMDAwMDAwMDAsImRlbGV0ZSI6MTIwMDAwMDAwMDAwMH0sInNjaGVtYV92ZXJzaW9uIjoiMSJ9"
        }
      ]
    },
    {
      "module": "module.ec2",
      "mode": "managed",
      "type": "aws_default_vpc",
      "name": "default",
      "provider": "provider[\"registry.terraform.io/hashicorp/aws\"].aws",
      "instances": [
        {
          "schema_version": 1,
          "attributes": {
            "arn": "arn:aws:ec2:us-east-2:600417590558:vpc/vpc-55cd3c3e",
            "assign_generated_ipv6_cidr_block": false,
            "cidr_block": "172.31.0.0/16",
            "default_network_acl_id": "acl-e728f48c",
            "default_route_table_id": "rtb-16f9407d",
            "default_security_group_id": "sg-5e60c43c",
            "dhcp_options_id": "dopt-c4844eaf",
            "enable_classiclink": null,
            "enable_classiclink_dns_support": null,
            "enable_dns_hostnames": true,
            "enable_dns_support": true,
            "id": "vpc-55cd3c3e",
            "instance_tenancy": "default",
            "ipv6_association_id": "",
            "ipv6_cidr_block": "",
            "main_route_table_id": "rtb-16f9407d",
            "owner_id": "600417590558",
            "tags": {
              "Author": "Leon Mwandiringa",
              "Environment": "development",
              "Name": "Default VPC",
              "Project": "teratrilogy",
              "ProjectId": "carbon-scene-314313",
              "Provisioner": "terraform"
            },
            "tags_all": {
              "Author": "Leon Mwandiringa",
              "Environment": "development",
              "Name": "Default VPC",
              "Project": "teratrilogy",
              "ProjectId": "carbon-scene-314313",
              "Provisioner": "terraform"
            }
          },
          "sensitive_attributes": [],
          "private": "eyJzY2hlbWFfdmVyc2lvbiI6IjEifQ=="
        }
      ]
    },
    {
      "module": "module.ec2",
      "mode": "managed",
      "type": "aws_instance",
      "name": "default",
      "provider": "provider[\"registry.terraform.io/hashicorp/aws\"].aws",
      "instances": [
        {
          "schema_version": 1,
          "attributes": {
            "ami": "ami-0600b1bef20a0c212",
            "arn": "arn:aws:ec2:us-east-2:600417590558:instance/i-084703657299755e5",
            "associate_public_ip_address": true,
            "availability_zone": "us-east-2a",
            "capacity_reservation_specification": [
              {
                "capacity_reservation_preference": "open",
                "capacity_reservation_target": []
              }
            ],
            "cpu_core_count": 1,
            "cpu_threads_per_core": 2,
            "credit_specification": [
              {
                "cpu_credits": "unlimited"
              }
            ],
            "disable_api_termination": false,
            "ebs_block_device": [],
            "ebs_optimized": false,
            "enclave_options": [
              {
                "enabled": false
              }
            ],
            "ephemeral_block_device": [],
            "get_password_data": false,
            "hibernation": false,
            "host_id": null,
            "iam_instance_profile": "",
            "id": "i-084703657299755e5",
            "instance_initiated_shutdown_behavior": "stop",
            "instance_state": "running",
            "instance_type": "t3.small",
            "ipv6_address_count": 0,
            "ipv6_addresses": [],
            "key_name": "",
            "metadata_options": [
              {
                "http_endpoint": "enabled",
                "http_put_response_hop_limit": 1,
                "http_tokens": "optional"
              }
            ],
            "monitoring": false,
            "network_interface": [],
            "outpost_arn": "",
            "password_data": "",
            "placement_group": "",
            "primary_network_interface_id": "eni-08bbc6c78aa0be4c2",
            "private_dns": "ip-172-31-11-172.us-east-2.compute.internal",
            "private_ip": "172.31.11.172",
            "public_dns": "ec2-13-59-58-14.us-east-2.compute.amazonaws.com",
            "public_ip": "13.59.58.14",
            "root_block_device": [
              {
                "delete_on_termination": true,
                "device_name": "/dev/sda1",
                "encrypted": false,
                "iops": 100,
                "kms_key_id": "",
                "tags": null,
                "throughput": 0,
                "volume_id": "vol-0967af06365a74e8e",
                "volume_size": 20,
                "volume_type": "gp2"
              }
            ],
            "secondary_private_ips": [],
            "security_groups": [
              "sg-04cb3b54fae314de5"
            ],
            "source_dest_check": true,
            "subnet_id": "subnet-33fee75b",
            "tags": {
              "Author": "Leon Mwandiringa",
              "Environment": "development",
              "Name": "instance",
              "Project": "teratrilogy",
              "ProjectId": "carbon-scene-314313",
              "Provisioner": "terraform"
            },
            "tags_all": {
              "Author": "Leon Mwandiringa",
              "Environment": "development",
              "Name": "instance",
              "Project": "teratrilogy",
              "ProjectId": "carbon-scene-314313",
              "Provisioner": "terraform"
            },
            "tenancy": "default",
            "timeouts": null,
            "user_data": "77f97a3f85a9ce29ea4842e9c6422c1e0fc2dbc5",
            "user_data_base64": null,
            "volume_tags": null,
            "vpc_security_group_ids": [
              "sg-04cb3b54fae314de5"
            ]
          },
          "sensitive_attributes": [],
          "private": "eyJlMmJmYjczMC1lY2FhLTExZTYtOGY4OC0zNDM2M2JjN2M0YzAiOnsiY3JlYXRlIjo2MDAwMDAwMDAwMDAsImRlbGV0ZSI6MTIwMDAwMDAwMDAwMCwidXBkYXRlIjo2MDAwMDAwMDAwMDB9LCJzY2hlbWFfdmVyc2lvbiI6IjEifQ==",
          "dependencies": [
            "module.ec2.aws_default_subnet.default",
            "module.ec2.aws_security_group.default"
          ]
        }
      ]
    },
    {
      "module": "module.ec2",
      "mode": "managed",
      "type": "aws_security_group",
      "name": "default",
      "provider": "provider[\"registry.terraform.io/hashicorp/aws\"].aws",
      "instances": [
        {
          "schema_version": 1,
          "attributes": {
            "arn": "arn:aws:ec2:us-east-2:600417590558:security-group/sg-04cb3b54fae314de5",
            "description": "Allow HTTP, HTTPS and SSH traffic",
            "egress": [
              {
                "cidr_blocks": [
                  "0.0.0.0/0"
                ],
                "description": "",
                "from_port": 0,
                "ipv6_cidr_blocks": [],
                "prefix_list_ids": [],
                "protocol": "-1",
                "security_groups": [],
                "self": false,
                "to_port": 0
              }
            ],
            "id": "sg-04cb3b54fae314de5",
            "ingress": [
              {
                "cidr_blocks": [
                  "0.0.0.0/0"
                ],
                "description": "HTTP",
                "from_port": 80,
                "ipv6_cidr_blocks": [],
                "prefix_list_ids": [],
                "protocol": "tcp",
                "security_groups": [],
                "self": false,
                "to_port": 80
              }
            ],
            "name": "instance-security-group",
            "name_prefix": "",
            "owner_id": "600417590558",
            "revoke_rules_on_delete": false,
            "tags": {
              "Author": "Leon Mwandiringa",
              "Environment": "development",
              "Name": "instance_sg",
              "Project": "teratrilogy",
              "ProjectId": "carbon-scene-314313",
              "Provisioner": "terraform"
            },
            "tags_all": {
              "Author": "Leon Mwandiringa",
              "Environment": "development",
              "Name": "instance_sg",
              "Project": "teratrilogy",
              "ProjectId": "carbon-scene-314313",
              "Provisioner": "terraform"
            },
            "timeouts": null,
            "vpc_id": "vpc-55cd3c3e"
          },
          "sensitive_attributes": [],
          "private": "eyJlMmJmYjczMC1lY2FhLTExZTYtOGY4OC0zNDM2M2JjN2M0YzAiOnsiY3JlYXRlIjo2MDAwMDAwMDAwMDAsImRlbGV0ZSI6OTAwMDAwMDAwMDAwfSwic2NoZW1hX3ZlcnNpb24iOiIxIn0=",
          "dependencies": [
            "module.ec2.aws_default_vpc.default"
          ]
        }
      ]
    },
    {
      "module": "module.gce",
      "mode": "managed",
      "type": "google_compute_firewall",
      "name": "http-server",
      "provider": "provider[\"registry.terraform.io/hashicorp/google\"].gcp",
      "instances": [
        {
          "schema_version": 1,
          "attributes": {
            "allow": [
              {
                "ports": [
                  "80"
                ],
                "protocol": "tcp"
              }
            ],
            "creation_timestamp": "2021-05-20T12:46:03.010-07:00",
            "deny": [],
            "description": "",
            "destination_ranges": [],
            "direction": "INGRESS",
            "disabled": false,
            "enable_logging": null,
            "id": "projects/carbon-scene-314313/global/firewalls/default-allow-http",
            "log_config": [],
            "name": "default-allow-http",
            "network": "https://www.googleapis.com/compute/v1/projects/carbon-scene-314313/global/networks/default",
            "priority": 1000,
            "project": "carbon-scene-314313",
            "self_link": "https://www.googleapis.com/compute/v1/projects/carbon-scene-314313/global/firewalls/default-allow-http",
            "source_ranges": [
              "0.0.0.0/0"
            ],
            "source_service_accounts": [],
            "source_tags": [],
            "target_service_accounts": [],
            "target_tags": [
              "http-server"
            ],
            "timeouts": null
          },
          "sensitive_attributes": [],
          "private": "eyJlMmJmYjczMC1lY2FhLTExZTYtOGY4OC0zNDM2M2JjN2M0YzAiOnsiY3JlYXRlIjoyNDAwMDAwMDAwMDAsImRlbGV0ZSI6MjQwMDAwMDAwMDAwLCJ1cGRhdGUiOjI0MDAwMDAwMDAwMH0sInNjaGVtYV92ZXJzaW9uIjoiMSJ9"
        }
      ]
    },
    {
      "module": "module.gce",
      "mode": "managed",
      "type": "google_compute_instance",
      "name": "default",
      "provider": "provider[\"registry.terraform.io/hashicorp/google\"].gcp",
      "instances": [
        {
          "schema_version": 6,
          "attributes": {
            "allow_stopping_for_update": null,
            "attached_disk": [],
            "boot_disk": [
              {
                "auto_delete": true,
                "device_name": "persistent-disk-0",
                "disk_encryption_key_raw": "",
                "disk_encryption_key_sha256": "",
                "initialize_params": [
                  {
                    "image": "https://www.googleapis.com/compute/v1/projects/ubuntu-os-cloud/global/images/ubuntu-1804-bionic-v20210514",
                    "labels": {},
                    "size": 10,
                    "type": "pd-standard"
                  }
                ],
                "kms_key_self_link": "",
                "mode": "READ_WRITE",
                "source": "https://www.googleapis.com/compute/v1/projects/carbon-scene-314313/zones/us-east1-c/disks/teratrilogy-development-vm"
              }
            ],
            "can_ip_forward": false,
            "confidential_instance_config": [],
            "cpu_platform": "AMD Rome",
            "current_status": "RUNNING",
            "deletion_protection": false,
            "description": "",
            "desired_status": null,
            "enable_display": false,
            "guest_accelerator": [],
            "hostname": "",
            "id": "projects/carbon-scene-314313/zones/us-east1-c/instances/teratrilogy-development-vm",
            "instance_id": "2252234660837555540",
            "label_fingerprint": "42WmSpB8rSM=",
            "labels": {},
            "machine_type": "e2-medium",
            "metadata": {},
            "metadata_fingerprint": "MypCpN0qkJc=",
            "metadata_startup_script": "sudo apt-get update \u0026\u0026 sudo apt-get install apache2 -y \u0026\u0026 echo '\u003c!doctype html\u003e\u003chtml\u003e\u003cbody\u003e\u003ch1\u003eHello from TerraTrilogy on Google Cloud!\u003c/h1\u003e\u003c/body\u003e\u003c/html\u003e' | sudo tee /var/www/html/index.html",
            "min_cpu_platform": "",
            "name": "teratrilogy-development-vm",
            "network_interface": [
              {
                "access_config": [
                  {
                    "nat_ip": "35.229.38.176",
                    "network_tier": "PREMIUM",
                    "public_ptr_domain_name": ""
                  }
                ],
                "alias_ip_range": [],
                "name": "nic0",
                "network": "https://www.googleapis.com/compute/v1/projects/carbon-scene-314313/global/networks/default",
                "network_ip": "10.142.0.6",
                "nic_type": "",
                "subnetwork": "https://www.googleapis.com/compute/v1/projects/carbon-scene-314313/regions/us-east1/subnetworks/default",
                "subnetwork_project": "carbon-scene-314313"
              }
            ],
            "project": "carbon-scene-314313",
            "resource_policies": [],
            "scheduling": [
              {
                "automatic_restart": true,
                "min_node_cpus": 0,
                "node_affinities": [],
                "on_host_maintenance": "MIGRATE",
                "preemptible": false
              }
            ],
            "scratch_disk": [],
            "self_link": "https://www.googleapis.com/compute/v1/projects/carbon-scene-314313/zones/us-east1-c/instances/teratrilogy-development-vm",
            "service_account": [
              {
                "email": "teratrilogy@carbon-scene-314313.iam.gserviceaccount.com",
                "scopes": [
                  "https://www.googleapis.com/auth/cloud-platform"
                ]
              }
            ],
            "shielded_instance_config": [
              {
                "enable_integrity_monitoring": true,
                "enable_secure_boot": false,
                "enable_vtpm": true
              }
            ],
            "tags": [
              "http-server",
              "https-server"
            ],
            "tags_fingerprint": "6smc4R4d39I=",
            "timeouts": null,
            "zone": "us-east1-c"
          },
          "sensitive_attributes": [],
          "private": "eyJlMmJmYjczMC1lY2FhLTExZTYtOGY4OC0zNDM2M2JjN2M0YzAiOnsiY3JlYXRlIjoxMjAwMDAwMDAwMDAwLCJkZWxldGUiOjEyMDAwMDAwMDAwMDAsInVwZGF0ZSI6MTIwMDAwMDAwMDAwMH0sInNjaGVtYV92ZXJzaW9uIjoiNiJ9",
          "dependencies": [
            "module.gce.google_service_account.default"
          ]
        }
      ]
    },
    {
      "module": "module.gce",
      "mode": "managed",
      "type": "google_service_account",
      "name": "default",
      "provider": "provider[\"registry.terraform.io/hashicorp/google\"].gcp",
      "instances": [
        {
          "schema_version": 0,
          "attributes": {
            "account_id": "teratrilogy",
            "description": "",
            "display_name": "Teratrilogy Account",
            "email": "teratrilogy@carbon-scene-314313.iam.gserviceaccount.com",
            "id": "projects/carbon-scene-314313/serviceAccounts/teratrilogy@carbon-scene-314313.iam.gserviceaccount.com",
            "name": "projects/carbon-scene-314313/serviceAccounts/teratrilogy@carbon-scene-314313.iam.gserviceaccount.com",
            "project": "carbon-scene-314313",
            "timeouts": null,
            "unique_id": "106523097785133308746"
          },
          "sensitive_attributes": [],
          "private": "eyJlMmJmYjczMC1lY2FhLTExZTYtOGY4OC0zNDM2M2JjN2M0YzAiOnsiY3JlYXRlIjozMDAwMDAwMDAwMDB9fQ=="
        }
      ]
    }
  ]
}
